
Microsoft Visual Studio Solution File, Format Version 12.00
# Visual Studio Version 16
VisualStudioVersion = 16.0.31205.134
MinimumVisualStudioVersion = 10.0.40219.1
Project("{9A19103F-16F7-4668-BE54-9A1E7A4F7556}") = "HualioCodingChallenge.API", "HualioCodingChallenge.API\HualioCodingChallenge.API.csproj", "{ED7584E2-66EC-4F77-829C-157594DD0697}"
EndProject
Project("{9A19103F-16F7-4668-BE54-9A1E7A4F7556}") = "HualioCodingChallenge.Core", "HualioCodingChallenge.Core\HualioCodingChallenge.Core.csproj", "{DD78E77D-F7BB-498C-9534-0B146B051E0A}"
EndProject
Project("{9A19103F-16F7-4668-BE54-9A1E7A4F7556}") = "HualioCodingChallenge.Domain", "HualioCodingChallenge.Domain\HualioCodingChallenge.Domain.csproj", "{78B3C5FC-FAD4-4274-A4E9-97033110EB51}"
EndProject
Project("{9A19103F-16F7-4668-BE54-9A1E7A4F7556}") = "HualioCodingChallenge.Helpers", "HualioCodingChallenge.Helpers\HualioCodingChallenge.Helpers.csproj", "{675C23BD-6392-4031-9186-D5A7C033CE7D}"
EndProject
Project("{9A19103F-16F7-4668-BE54-9A1E7A4F7556}") = "HualioCodingChallenge.Repository", "HualioCodingChallenge.Repository\HualioCodingChallenge.Repository.csproj", "{266FB356-02AE-430D-9BB9-05C7F2560CD3}"
EndProject
Global
	GlobalSection(SolutionConfigurationPlatforms) = preSolution
		Debug|Any CPU = Debug|Any CPU
		Release|Any CPU = Release|Any CPU
	EndGlobalSection
	GlobalSection(ProjectConfigurationPlatforms) = postSolution
		{ED7584E2-66EC-4F77-829C-157594DD0697}.Debug|Any CPU.ActiveCfg = Debug|Any CPU
		{ED7584E2-66EC-4F77-829C-157594DD0697}.Debug|Any CPU.Build.0 = Debug|Any CPU
		{ED7584E2-66EC-4F77-829C-157594DD0697}.Release|Any CPU.ActiveCfg = Release|Any CPU
		{ED7584E2-66EC-4F77-829C-157594DD0697}.Release|Any CPU.Build.0 = Release|Any CPU
		{DD78E77D-F7BB-498C-9534-0B146B051E0A}.Debug|Any CPU.ActiveCfg = Debug|Any CPU
		{DD78E77D-F7BB-498C-9534-0B146B051E0A}.Debug|Any CPU.Build.0 = Debug|Any CPU
		{DD78E77D-F7BB-498C-9534-0B146B051E0A}.Release|Any CPU.ActiveCfg = Release|Any CPU
		{DD78E77D-F7BB-498C-9534-0B146B051E0A}.Release|Any CPU.Build.0 = Release|Any CPU
		{78B3C5FC-FAD4-4274-A4E9-97033110EB51}.Debug|Any CPU.ActiveCfg = Debug|Any CPU
		{78B3C5FC-FAD4-4274-A4E9-97033110EB51}.Debug|Any CPU.Build.0 = Debug|Any CPU
		{78B3C5FC-FAD4-4274-A4E9-97033110EB51}.Release|Any CPU.ActiveCfg = Release|Any CPU
		{78B3C5FC-FAD4-4274-A4E9-97033110EB51}.Release|Any CPU.Build.0 = Release|Any CPU
		{675C23BD-6392-4031-9186-D5A7C033CE7D}.Debug|Any CPU.ActiveCfg = Debug|Any CPU
		{675C23BD-6392-4031-9186-D5A7C033CE7D}.Debug|Any CPU.Build.0 = Debug|Any CPU
		{675C23BD-6392-4031-9186-D5A7C033CE7D}.Release|Any CPU.ActiveCfg = Release|Any CPU
		{675C23BD-6392-4031-9186-D5A7C033CE7D}.Release|Any CPU.Build.0 = Release|Any CPU
		{266FB356-02AE-430D-9BB9-05C7F2560CD3}.Debug|Any CPU.ActiveCfg = Debug|Any CPU
		{266FB356-02AE-430D-9BB9-05C7F2560CD3}.Debug|Any CPU.Build.0 = Debug|Any CPU
		{266FB356-02AE-430D-9BB9-05C7F2560CD3}.Release|Any CPU.ActiveCfg = Release|Any CPU
		{266FB356-02AE-430D-9BB9-05C7F2560CD3}.Release|Any CPU.Build.0 = Release|Any CPU
	EndGlobalSection
	GlobalSection(SolutionProperties) = preSolution
		HideSolutionNode = FALSE
	EndGlobalSection
	GlobalSection(ExtensibilityGlobals) = postSolution
		SolutionGuid = {68F83009-DF82-44A6-AF4C-5AD09E972668}
	EndGlobalSection
EndGlobal
